
Microsoft Visual Studio Solution File, Format Version 12.00
# Visual Studio 2013
VisualStudioVersion = 12.0.31101.0
MinimumVisualStudioVersion = 10.0.40219.1
Project("{FAE04EC0-301F-11D3-BF4B-00C04F79EFBC}") = "ExcelManager", "ExcelManager\ExcelManager.csproj", "{7A400853-F08E-4146-86C0-8A8207C1EE79}"
EndProject
Project("{FAE04EC0-301F-11D3-BF4B-00C04F79EFBC}") = "ExcelManagerTests", "ExcelManagerTests\ExcelManagerTests.csproj", "{FD1B2ACA-5F07-4A82-AC55-3C35B3DEFC77}"
EndProject
Global
	GlobalSection(SolutionConfigurationPlatforms) = preSolution
		Debug|Any CPU = Debug|Any CPU
		Release|Any CPU = Release|Any CPU
	EndGlobalSection
	GlobalSection(ProjectConfigurationPlatforms) = postSolution
		{7A400853-F08E-4146-86C0-8A8207C1EE79}.Debug|Any CPU.ActiveCfg = Debug|Any CPU
		{7A400853-F08E-4146-86C0-8A8207C1EE79}.Debug|Any CPU.Build.0 = Debug|Any CPU
		{7A400853-F08E-4146-86C0-8A8207C1EE79}.Release|Any CPU.ActiveCfg = Release|Any CPU
		{7A400853-F08E-4146-86C0-8A8207C1EE79}.Release|Any CPU.Build.0 = Release|Any CPU
		{FD1B2ACA-5F07-4A82-AC55-3C35B3DEFC77}.Debug|Any CPU.ActiveCfg = Debug|Any CPU
		{FD1B2ACA-5F07-4A82-AC55-3C35B3DEFC77}.Debug|Any CPU.Build.0 = Debug|Any CPU
		{FD1B2ACA-5F07-4A82-AC55-3C35B3DEFC77}.Release|Any CPU.ActiveCfg = Release|Any CPU
		{FD1B2ACA-5F07-4A82-AC55-3C35B3DEFC77}.Release|Any CPU.Build.0 = Release|Any CPU
	EndGlobalSection
	GlobalSection(SolutionProperties) = preSolution
		HideSolutionNode = FALSE
	EndGlobalSection
EndGlobal
